<?xml version="1.0" encoding="utf-8"?>
<Project ToolsVersion="4.0" xmlns="http://schemas.microsoft.com/developer/msbuild/2003">
  <ItemGroup>
    <Filter Include="Source Files">
      <UniqueIdentifier>{4FC737F1-C7A5-4376-A066-2A32D752A2FF}</UniqueIdentifier>
      <Extensions>cpp;c;cc;cxx;def;odl;idl;hpj;bat;asm;asmx</Extensions>
    </Filter>
    <Filter Include="Header Files">
      <UniqueIdentifier>{93995380-89BD-4b04-88EB-625FBE52EBFB}</UniqueIdentifier>
      <Extensions>h;hh;hpp;hxx;hm;inl;inc;xsd</Extensions>
    </Filter>
    <Filter Include="Resource Files">
      <UniqueIdentifier>{67DA6AB6-F800-4c08-8B7A-83BB121AAD01}</UniqueIdentifier>
      <Extensions>rc;ico;cur;bmp;dlg;rc2;rct;bin;rgs;gif;jpg;jpeg;jpe;resx;tiff;tif;png;wav;mfcribbon-ms</Extensions>
    </Filter>
    <Filter Include="Source Files\menu">
      <UniqueIdentifier>{b3c9fd86-3af9-443c-9617-0a00a4218cc6}</UniqueIdentifier>
    </Filter>
    <Filter Include="Source Files\menu\admin">
      <UniqueIdentifier>{c57abd65-5419-4875-a6a6-af6fad223adf}</UniqueIdentifier>
    </Filter>
  </ItemGroup>
  <ItemGroup>
    <ClCompile Include="menu_guest.c">
      <Filter>Source Files\menu</Filter>
    </ClCompile>
    <ClCompile Include="menu_login.c">
      <Filter>Source Files\menu</Filter>
    </ClCompile>
    <ClCompile Include="staffs.c">
      <Filter>Source Files</Filter>
    </ClCompile>
    <ClCompile Include="main.c">
      <Filter>Source Files</Filter>
    </ClCompile>
    <ClCompile Include="menu_staff.c">
      <Filter>Source Files\menu</Filter>
    </ClCompile>
    <ClCompile Include="menu_admin.c">
      <Filter>Source Files\menu\admin</Filter>
    </ClCompile>
    <ClCompile Include="menu_admin_edit.c">
      <Filter>Source Files\menu\admin</Filter>
    </ClCompile>
    <ClCompile Include="menu_admin_select.c">
      <Filter>Source Files\menu\admin</Filter>
    </ClCompile>
    <ClCompile Include="courts.c">
      <Filter>Source Files</Filter>
    </ClCompile>
  </ItemGroup>
  <ItemGroup>
    <ClInclude Include="menu.h">
      <Filter>Header Files</Filter>
    </ClInclude>
    <ClInclude Include="staffs.h">
      <Filter>Header Files</Filter>
    </ClInclude>
    <ClInclude Include="resource.h">
      <Filter>Header Files</Filter>
    </ClInclude>
    <ClInclude Include="conmac.h">
      <Filter>Header Files</Filter>
    </ClInclude>
    <ClInclude Include="admin.h">
      <Filter>Header Files</Filter>
    </ClInclude>
    <ClInclude Include="courts.h">
      <Filter>Header Files</Filter>
    </ClInclude>
  </ItemGroup>
  <ItemGroup>
    <ResourceCompile Include="SSRS.rc">
      <Filter>Resource Files</Filter>
    </ResourceCompile>
  </ItemGroup>
  <ItemGroup>
    <Image Include="court.ico">
      <Filter>Resource Files</Filter>
    </Image>
  </ItemGroup>
</Project>